// !$*UTF8*$!
{
	archiveVersion = 1;
	classes = {
	};
	objectVersion = 56;
	objects = {

/* Begin PBXBuildFile section */
		A200BCD229EB077400965A35 /* NavigationBarView.swift in Sources */ = {isa = PBXBuildFile; fileRef = A200BCD129EB077400965A35 /* NavigationBarView.swift */; };
		A200BCD529EB49DC00965A35 /* SideMenuView.swift in Sources */ = {isa = PBXBuildFile; fileRef = A200BCD429EB49DC00965A35 /* SideMenuView.swift */; };
		A200BCD729EB4CA800965A35 /* CartView.swift in Sources */ = {isa = PBXBuildFile; fileRef = A200BCD629EB4CA800965A35 /* CartView.swift */; };
		A200BCD929EB4CC200965A35 /* NotificationView.swift in Sources */ = {isa = PBXBuildFile; fileRef = A200BCD829EB4CC100965A35 /* NotificationView.swift */; };
		A207BF2029C9607800429371 /* ShadowView.swift in Sources */ = {isa = PBXBuildFile; fileRef = A207BF1F29C9607800429371 /* ShadowView.swift */; };
		A20A631C29DB53930065CBF3 /* OnboardingData.swift in Sources */ = {isa = PBXBuildFile; fileRef = A20A631B29DB53930065CBF3 /* OnboardingData.swift */; };
		A20A631E29DB54140065CBF3 /* OnboardingModel.swift in Sources */ = {isa = PBXBuildFile; fileRef = A20A631D29DB54140065CBF3 /* OnboardingModel.swift */; };
		A20A632029DB57F30065CBF3 /* TitlesView.swift in Sources */ = {isa = PBXBuildFile; fileRef = A20A631F29DB57F30065CBF3 /* TitlesView.swift */; };
		A20A632229DB5C490065CBF3 /* OnboardingView.swift in Sources */ = {isa = PBXBuildFile; fileRef = A20A632129DB5C490065CBF3 /* OnboardingView.swift */; };
		A20A632429DB5ED30065CBF3 /* OnboardingCardView.swift in Sources */ = {isa = PBXBuildFile; fileRef = A20A632329DB5ED30065CBF3 /* OnboardingCardView.swift */; };
		A20A632629DB7A9D0065CBF3 /* MontserratAlternates-Bold.ttf in Resources */ = {isa = PBXBuildFile; fileRef = A20A632529DB7A9C0065CBF3 /* MontserratAlternates-Bold.ttf */; };
		A22E416329D20D4300DFFD2D /* SwiftUIFontIcon in Frameworks */ = {isa = PBXBuildFile; productRef = A22E416229D20D4300DFFD2D /* SwiftUIFontIcon */; };
		A2369ABB29F06EA100B18301 /* OverlayView.swift in Sources */ = {isa = PBXBuildFile; fileRef = A2369ABA29F06EA100B18301 /* OverlayView.swift */; };
		A23EF62A29F30280007937D4 /* DismissButtonView.swift in Sources */ = {isa = PBXBuildFile; fileRef = A23EF62929F30280007937D4 /* DismissButtonView.swift */; };
		A23FCC7D29CE130900231D5A /* CustomButtonsView.swift in Sources */ = {isa = PBXBuildFile; fileRef = A23FCC7C29CE130900231D5A /* CustomButtonsView.swift */; };
		A2719E3829EA249300281D25 /* NavAppearanceModifer.swift in Sources */ = {isa = PBXBuildFile; fileRef = A2719E3729EA249300281D25 /* NavAppearanceModifer.swift */; };
		A2A7D32F29D36438006C61BB /* CustomButtonModel.swift in Sources */ = {isa = PBXBuildFile; fileRef = A2A7D32E29D36438006C61BB /* CustomButtonModel.swift */; };
		A2B267FB29C4E48500349F37 /* ProtecoApp.swift in Sources */ = {isa = PBXBuildFile; fileRef = A2B267FA29C4E48500349F37 /* ProtecoApp.swift */; };
		A2B267FD29C4E48500349F37 /* ContentView.swift in Sources */ = {isa = PBXBuildFile; fileRef = A2B267FC29C4E48500349F37 /* ContentView.swift */; };
		A2B267FF29C4E48800349F37 /* Assets.xcassets in Resources */ = {isa = PBXBuildFile; fileRef = A2B267FE29C4E48800349F37 /* Assets.xcassets */; };
		A2B2680229C4E48800349F37 /* Preview Assets.xcassets in Resources */ = {isa = PBXBuildFile; fileRef = A2B2680129C4E48800349F37 /* Preview Assets.xcassets */; };
		A2C0DEB629E866F8002A2DB7 /* AdvisoryAdminView.swift in Sources */ = {isa = PBXBuildFile; fileRef = A2C0DEB529E866F8002A2DB7 /* AdvisoryAdminView.swift */; };
		A2C0DEB829E867F8002A2DB7 /* AdvisoryScheduleView.swift in Sources */ = {isa = PBXBuildFile; fileRef = A2C0DEB729E867F8002A2DB7 /* AdvisoryScheduleView.swift */; };
		A2C7845129EB984E00D9ACF3 /* CustomCorner.swift in Sources */ = {isa = PBXBuildFile; fileRef = A2C7845029EB984E00D9ACF3 /* CustomCorner.swift */; };
		A2C7845329EBA12400D9ACF3 /* TabButton.swift in Sources */ = {isa = PBXBuildFile; fileRef = A2C7845229EBA12400D9ACF3 /* TabButton.swift */; };
		A2C7845729EBA50E00D9ACF3 /* MenuOptionModel.swift in Sources */ = {isa = PBXBuildFile; fileRef = A2C7845629EBA50E00D9ACF3 /* MenuOptionModel.swift */; };
		A2C7845E29EBD46800D9ACF3 /* SideMenuTabView.swift in Sources */ = {isa = PBXBuildFile; fileRef = A2C7845D29EBD46800D9ACF3 /* SideMenuTabView.swift */; };
		A2C8700229C802AA00407A48 /* MontserratAlternates-SemiBold.ttf in Resources */ = {isa = PBXBuildFile; fileRef = A2C86FFF29C802A800407A48 /* MontserratAlternates-SemiBold.ttf */; };
		A2C8700329C802AA00407A48 /* MontserratAlternates-Regular.ttf in Resources */ = {isa = PBXBuildFile; fileRef = A2C8700029C802A900407A48 /* MontserratAlternates-Regular.ttf */; };
		A2C8700429C802AA00407A48 /* MontserratAlternates-Medium.ttf in Resources */ = {isa = PBXBuildFile; fileRef = A2C8700129C802AA00407A48 /* MontserratAlternates-Medium.ttf */; };
		A2C8701029C803DC00407A48 /* Assistant-SemiBold.ttf in Resources */ = {isa = PBXBuildFile; fileRef = A2C8700D29C803DA00407A48 /* Assistant-SemiBold.ttf */; };
		A2C8701429C8046500407A48 /* Assistant-Light.ttf in Resources */ = {isa = PBXBuildFile; fileRef = A2C8701329C8046500407A48 /* Assistant-Light.ttf */; };
		A2C8701629C8048900407A48 /* Assistant-Regular.ttf in Resources */ = {isa = PBXBuildFile; fileRef = A2C8701529C8048900407A48 /* Assistant-Regular.ttf */; };
		A2D7267B29C9165D0076A25D /* MainView.swift in Sources */ = {isa = PBXBuildFile; fileRef = A2D7267A29C9165C0076A25D /* MainView.swift */; };
		A2D7267D29C916FA0076A25D /* TabModel.swift in Sources */ = {isa = PBXBuildFile; fileRef = A2D7267C29C916FA0076A25D /* TabModel.swift */; };
		A2E64B6B29EC7332003FBA1D /* SideMenuControlView.swift in Sources */ = {isa = PBXBuildFile; fileRef = A2E64B6A29EC7332003FBA1D /* SideMenuControlView.swift */; };
		A2E64B6D29EC82B5003FBA1D /* ContactView.swift in Sources */ = {isa = PBXBuildFile; fileRef = A2E64B6C29EC82B5003FBA1D /* ContactView.swift */; };
		A2E64B7329EC83FD003FBA1D /* WebSiteView.swift in Sources */ = {isa = PBXBuildFile; fileRef = A2E64B7229EC83FD003FBA1D /* WebSiteView.swift */; };
		A2E64B7529EC8469003FBA1D /* CreditsView.swift in Sources */ = {isa = PBXBuildFile; fileRef = A2E64B7429EC8469003FBA1D /* CreditsView.swift */; };
		A2E64B7929ECFC62003FBA1D /* TabBarView.swift in Sources */ = {isa = PBXBuildFile; fileRef = A2E64B7829ECFC62003FBA1D /* TabBarView.swift */; };
		A2EB982429EF70CF00AFD764 /* CallView.swift in Sources */ = {isa = PBXBuildFile; fileRef = A2EB982329EF70CF00AFD764 /* CallView.swift */; };
		A2EB982629EF80EE00AFD764 /* CoursesView.swift in Sources */ = {isa = PBXBuildFile; fileRef = A2EB982529EF80EE00AFD764 /* CoursesView.swift */; };
		A2EB982829EF811A00AFD764 /* AccountView.swift in Sources */ = {isa = PBXBuildFile; fileRef = A2EB982729EF811A00AFD764 /* AccountView.swift */; };
		A2EB982A29EF814D00AFD764 /* WorkshopsView.swift in Sources */ = {isa = PBXBuildFile; fileRef = A2EB982929EF814D00AFD764 /* WorkshopsView.swift */; };
		A2EB982C29EF8EEE00AFD764 /* HomeView.swift in Sources */ = {isa = PBXBuildFile; fileRef = A2EB982B29EF8EEE00AFD764 /* HomeView.swift */; };
		A2EB982E29EF921100AFD764 /* FeedbackView.swift in Sources */ = {isa = PBXBuildFile; fileRef = A2EB982D29EF921100AFD764 /* FeedbackView.swift */; };
		A2F27D7729E7204C006CC248 /* AdvisoryScheduleCardView.swift in Sources */ = {isa = PBXBuildFile; fileRef = A2F27D7629E7204C006CC248 /* AdvisoryScheduleCardView.swift */; };
		A2F27D7929E721BA006CC248 /* AdvisoryData.swift in Sources */ = {isa = PBXBuildFile; fileRef = A2F27D7829E721BA006CC248 /* AdvisoryData.swift */; };
		A2F27D7C29E72225006CC248 /* AdvisoryModel.swift in Sources */ = {isa = PBXBuildFile; fileRef = A2F27D7B29E72225006CC248 /* AdvisoryModel.swift */; };
		A2F27D7F29E72EA8006CC248 /* TextView.swift in Sources */ = {isa = PBXBuildFile; fileRef = A2F27D7E29E72EA8006CC248 /* TextView.swift */; };
		A2F27D8129E74738006CC248 /* AdvisoryAdminCardView.swift in Sources */ = {isa = PBXBuildFile; fileRef = A2F27D8029E74738006CC248 /* AdvisoryAdminCardView.swift */; };
		A2F27D8329E75822006CC248 /* AdvisoryView.swift in Sources */ = {isa = PBXBuildFile; fileRef = A2F27D8229E75822006CC248 /* AdvisoryView.swift */; };
/* End PBXBuildFile section */

/* Begin PBXFileReference section */
		A200BCD129EB077400965A35 /* NavigationBarView.swift */ = {isa = PBXFileReference; lastKnownFileType = sourcecode.swift; path = NavigationBarView.swift; sourceTree = "<group>"; };
		A200BCD429EB49DC00965A35 /* SideMenuView.swift */ = {isa = PBXFileReference; lastKnownFileType = sourcecode.swift; path = SideMenuView.swift; sourceTree = "<group>"; };
		A200BCD629EB4CA800965A35 /* CartView.swift */ = {isa = PBXFileReference; lastKnownFileType = sourcecode.swift; path = CartView.swift; sourceTree = "<group>"; };
		A200BCD829EB4CC100965A35 /* NotificationView.swift */ = {isa = PBXFileReference; lastKnownFileType = sourcecode.swift; path = NotificationView.swift; sourceTree = "<group>"; };
		A207BF1F29C9607800429371 /* ShadowView.swift */ = {isa = PBXFileReference; lastKnownFileType = sourcecode.swift; path = ShadowView.swift; sourceTree = "<group>"; };
		A20A631B29DB53930065CBF3 /* OnboardingData.swift */ = {isa = PBXFileReference; lastKnownFileType = sourcecode.swift; path = OnboardingData.swift; sourceTree = "<group>"; };
		A20A631D29DB54140065CBF3 /* OnboardingModel.swift */ = {isa = PBXFileReference; lastKnownFileType = sourcecode.swift; path = OnboardingModel.swift; sourceTree = "<group>"; };
		A20A631F29DB57F30065CBF3 /* TitlesView.swift */ = {isa = PBXFileReference; lastKnownFileType = sourcecode.swift; path = TitlesView.swift; sourceTree = "<group>"; };
		A20A632129DB5C490065CBF3 /* OnboardingView.swift */ = {isa = PBXFileReference; lastKnownFileType = sourcecode.swift; path = OnboardingView.swift; sourceTree = "<group>"; };
		A20A632329DB5ED30065CBF3 /* OnboardingCardView.swift */ = {isa = PBXFileReference; lastKnownFileType = sourcecode.swift; path = OnboardingCardView.swift; sourceTree = "<group>"; };
		A20A632529DB7A9C0065CBF3 /* MontserratAlternates-Bold.ttf */ = {isa = PBXFileReference; lastKnownFileType = file; path = "MontserratAlternates-Bold.ttf"; sourceTree = "<group>"; };
		A2369ABA29F06EA100B18301 /* OverlayView.swift */ = {isa = PBXFileReference; lastKnownFileType = sourcecode.swift; path = OverlayView.swift; sourceTree = "<group>"; };
		A23EF62929F30280007937D4 /* DismissButtonView.swift */ = {isa = PBXFileReference; lastKnownFileType = sourcecode.swift; path = DismissButtonView.swift; sourceTree = "<group>"; };
		A23FCC7C29CE130900231D5A /* CustomButtonsView.swift */ = {isa = PBXFileReference; lastKnownFileType = sourcecode.swift; path = CustomButtonsView.swift; sourceTree = "<group>"; };
		A2719E3729EA249300281D25 /* NavAppearanceModifer.swift */ = {isa = PBXFileReference; lastKnownFileType = sourcecode.swift; path = NavAppearanceModifer.swift; sourceTree = "<group>"; };
		A2A7D32E29D36438006C61BB /* CustomButtonModel.swift */ = {isa = PBXFileReference; lastKnownFileType = sourcecode.swift; path = CustomButtonModel.swift; sourceTree = "<group>"; };
		A2B267F729C4E48500349F37 /* Proteco.app */ = {isa = PBXFileReference; explicitFileType = wrapper.application; includeInIndex = 0; path = Proteco.app; sourceTree = BUILT_PRODUCTS_DIR; };
		A2B267FA29C4E48500349F37 /* ProtecoApp.swift */ = {isa = PBXFileReference; lastKnownFileType = sourcecode.swift; path = ProtecoApp.swift; sourceTree = "<group>"; };
		A2B267FC29C4E48500349F37 /* ContentView.swift */ = {isa = PBXFileReference; lastKnownFileType = sourcecode.swift; path = ContentView.swift; sourceTree = "<group>"; };
		A2B267FE29C4E48800349F37 /* Assets.xcassets */ = {isa = PBXFileReference; lastKnownFileType = folder.assetcatalog; path = Assets.xcassets; sourceTree = "<group>"; };
		A2B2680129C4E48800349F37 /* Preview Assets.xcassets */ = {isa = PBXFileReference; lastKnownFileType = folder.assetcatalog; path = "Preview Assets.xcassets"; sourceTree = "<group>"; };
		A2C0DEB529E866F8002A2DB7 /* AdvisoryAdminView.swift */ = {isa = PBXFileReference; lastKnownFileType = sourcecode.swift; path = AdvisoryAdminView.swift; sourceTree = "<group>"; };
		A2C0DEB729E867F8002A2DB7 /* AdvisoryScheduleView.swift */ = {isa = PBXFileReference; lastKnownFileType = sourcecode.swift; path = AdvisoryScheduleView.swift; sourceTree = "<group>"; };
		A2C7845029EB984E00D9ACF3 /* CustomCorner.swift */ = {isa = PBXFileReference; lastKnownFileType = sourcecode.swift; path = CustomCorner.swift; sourceTree = "<group>"; };
		A2C7845229EBA12400D9ACF3 /* TabButton.swift */ = {isa = PBXFileReference; lastKnownFileType = sourcecode.swift; path = TabButton.swift; sourceTree = "<group>"; };
		A2C7845629EBA50E00D9ACF3 /* MenuOptionModel.swift */ = {isa = PBXFileReference; lastKnownFileType = sourcecode.swift; path = MenuOptionModel.swift; sourceTree = "<group>"; };
		A2C7845D29EBD46800D9ACF3 /* SideMenuTabView.swift */ = {isa = PBXFileReference; lastKnownFileType = sourcecode.swift; path = SideMenuTabView.swift; sourceTree = "<group>"; };
		A2C86FFF29C802A800407A48 /* MontserratAlternates-SemiBold.ttf */ = {isa = PBXFileReference; lastKnownFileType = file; path = "MontserratAlternates-SemiBold.ttf"; sourceTree = "<group>"; };
		A2C8700029C802A900407A48 /* MontserratAlternates-Regular.ttf */ = {isa = PBXFileReference; lastKnownFileType = file; path = "MontserratAlternates-Regular.ttf"; sourceTree = "<group>"; };
		A2C8700129C802AA00407A48 /* MontserratAlternates-Medium.ttf */ = {isa = PBXFileReference; lastKnownFileType = file; path = "MontserratAlternates-Medium.ttf"; sourceTree = "<group>"; };
		A2C8700D29C803DA00407A48 /* Assistant-SemiBold.ttf */ = {isa = PBXFileReference; lastKnownFileType = file; path = "Assistant-SemiBold.ttf"; sourceTree = "<group>"; };
		A2C8701329C8046500407A48 /* Assistant-Light.ttf */ = {isa = PBXFileReference; lastKnownFileType = file; path = "Assistant-Light.ttf"; sourceTree = "<group>"; };
		A2C8701529C8048900407A48 /* Assistant-Regular.ttf */ = {isa = PBXFileReference; lastKnownFileType = file; path = "Assistant-Regular.ttf"; sourceTree = "<group>"; };
		A2C8701729C8063D00407A48 /* Info.plist */ = {isa = PBXFileReference; lastKnownFileType = text.plist; path = Info.plist; sourceTree = "<group>"; };
		A2D7267A29C9165C0076A25D /* MainView.swift */ = {isa = PBXFileReference; lastKnownFileType = sourcecode.swift; path = MainView.swift; sourceTree = "<group>"; };
		A2D7267C29C916FA0076A25D /* TabModel.swift */ = {isa = PBXFileReference; lastKnownFileType = sourcecode.swift; path = TabModel.swift; sourceTree = "<group>"; };
		A2E64B6A29EC7332003FBA1D /* SideMenuControlView.swift */ = {isa = PBXFileReference; lastKnownFileType = sourcecode.swift; path = SideMenuControlView.swift; sourceTree = "<group>"; };
		A2E64B6C29EC82B5003FBA1D /* ContactView.swift */ = {isa = PBXFileReference; lastKnownFileType = sourcecode.swift; path = ContactView.swift; sourceTree = "<group>"; };
		A2E64B7229EC83FD003FBA1D /* WebSiteView.swift */ = {isa = PBXFileReference; lastKnownFileType = sourcecode.swift; path = WebSiteView.swift; sourceTree = "<group>"; };
		A2E64B7429EC8469003FBA1D /* CreditsView.swift */ = {isa = PBXFileReference; lastKnownFileType = sourcecode.swift; path = CreditsView.swift; sourceTree = "<group>"; };
		A2E64B7829ECFC62003FBA1D /* TabBarView.swift */ = {isa = PBXFileReference; lastKnownFileType = sourcecode.swift; path = TabBarView.swift; sourceTree = "<group>"; };
		A2EB982329EF70CF00AFD764 /* CallView.swift */ = {isa = PBXFileReference; lastKnownFileType = sourcecode.swift; path = CallView.swift; sourceTree = "<group>"; };
		A2EB982529EF80EE00AFD764 /* CoursesView.swift */ = {isa = PBXFileReference; lastKnownFileType = sourcecode.swift; path = CoursesView.swift; sourceTree = "<group>"; };
		A2EB982729EF811A00AFD764 /* AccountView.swift */ = {isa = PBXFileReference; lastKnownFileType = sourcecode.swift; path = AccountView.swift; sourceTree = "<group>"; };
		A2EB982929EF814D00AFD764 /* WorkshopsView.swift */ = {isa = PBXFileReference; lastKnownFileType = sourcecode.swift; path = WorkshopsView.swift; sourceTree = "<group>"; };
		A2EB982B29EF8EEE00AFD764 /* HomeView.swift */ = {isa = PBXFileReference; lastKnownFileType = sourcecode.swift; path = HomeView.swift; sourceTree = "<group>"; };
		A2EB982D29EF921100AFD764 /* FeedbackView.swift */ = {isa = PBXFileReference; lastKnownFileType = sourcecode.swift; path = FeedbackView.swift; sourceTree = "<group>"; };
		A2F27D7629E7204C006CC248 /* AdvisoryScheduleCardView.swift */ = {isa = PBXFileReference; lastKnownFileType = sourcecode.swift; path = AdvisoryScheduleCardView.swift; sourceTree = "<group>"; };
		A2F27D7829E721BA006CC248 /* AdvisoryData.swift */ = {isa = PBXFileReference; lastKnownFileType = sourcecode.swift; path = AdvisoryData.swift; sourceTree = "<group>"; };
		A2F27D7B29E72225006CC248 /* AdvisoryModel.swift */ = {isa = PBXFileReference; lastKnownFileType = sourcecode.swift; path = AdvisoryModel.swift; sourceTree = "<group>"; };
		A2F27D7E29E72EA8006CC248 /* TextView.swift */ = {isa = PBXFileReference; lastKnownFileType = sourcecode.swift; path = TextView.swift; sourceTree = "<group>"; };
		A2F27D8029E74738006CC248 /* AdvisoryAdminCardView.swift */ = {isa = PBXFileReference; lastKnownFileType = sourcecode.swift; path = AdvisoryAdminCardView.swift; sourceTree = "<group>"; };
		A2F27D8229E75822006CC248 /* AdvisoryView.swift */ = {isa = PBXFileReference; lastKnownFileType = sourcecode.swift; path = AdvisoryView.swift; sourceTree = "<group>"; };
/* End PBXFileReference section */

/* Begin PBXFrameworksBuildPhase section */
		A2B267F429C4E48500349F37 /* Frameworks */ = {
			isa = PBXFrameworksBuildPhase;
			buildActionMask = 2147483647;
			files = (
				A22E416329D20D4300DFFD2D /* SwiftUIFontIcon in Frameworks */,
			);
			runOnlyForDeploymentPostprocessing = 0;
		};
/* End PBXFrameworksBuildPhase section */

/* Begin PBXGroup section */
		A2B267EE29C4E48500349F37 = {
			isa = PBXGroup;
			children = (
				A2B267F929C4E48500349F37 /* Proteco */,
				A2B267F829C4E48500349F37 /* Products */,
			);
			sourceTree = "<group>";
		};
		A2B267F829C4E48500349F37 /* Products */ = {
			isa = PBXGroup;
			children = (
				A2B267F729C4E48500349F37 /* Proteco.app */,
			);
			name = Products;
			sourceTree = "<group>";
		};
		A2B267F929C4E48500349F37 /* Proteco */ = {
			isa = PBXGroup;
			children = (
				A2C8701729C8063D00407A48 /* Info.plist */,
				A2B2680029C4E48800349F37 /* Preview Content */,
				A2C86FFE29C7FFC500407A48 /* Fonts */,
				A2C86FFD29C76B4900407A48 /* Data */,
				A2C86FFC29C76B4300407A48 /* Model */,
				A2C86FFB29C76B3C00407A48 /* View */,
				A2C86FFA29C76B1B00407A48 /* App */,
				A2F27D7D29E72E7F006CC248 /* Utility */,
				A2B267FE29C4E48800349F37 /* Assets.xcassets */,
			);
			path = Proteco;
			sourceTree = "<group>";
		};
		A2B2680029C4E48800349F37 /* Preview Content */ = {
			isa = PBXGroup;
			children = (
				A2B2680129C4E48800349F37 /* Preview Assets.xcassets */,
			);
			path = "Preview Content";
			sourceTree = "<group>";
		};
		A2C7845829EBAA7B00D9ACF3 /* TabBarViews */ = {
			isa = PBXGroup;
			children = (
				A2F27D8229E75822006CC248 /* AdvisoryView.swift */,
				A2E64B7829ECFC62003FBA1D /* TabBarView.swift */,
				A2EB982529EF80EE00AFD764 /* CoursesView.swift */,
				A2EB982729EF811A00AFD764 /* AccountView.swift */,
				A2EB982929EF814D00AFD764 /* WorkshopsView.swift */,
				A2EB982B29EF8EEE00AFD764 /* HomeView.swift */,
			);
			path = TabBarViews;
			sourceTree = "<group>";
		};
		A2C7845929EBAACC00D9ACF3 /* SideMenuViews */ = {
			isa = PBXGroup;
			children = (
				A200BCD429EB49DC00965A35 /* SideMenuView.swift */,
				A2E64B6A29EC7332003FBA1D /* SideMenuControlView.swift */,
				A2C7845D29EBD46800D9ACF3 /* SideMenuTabView.swift */,
				A2E64B6C29EC82B5003FBA1D /* ContactView.swift */,
				A2E64B7229EC83FD003FBA1D /* WebSiteView.swift */,
				A2E64B7429EC8469003FBA1D /* CreditsView.swift */,
				A2EB982329EF70CF00AFD764 /* CallView.swift */,
				A2EB982D29EF921100AFD764 /* FeedbackView.swift */,
			);
			path = SideMenuViews;
			sourceTree = "<group>";
		};
		A2C7845A29EBAC4D00D9ACF3 /* OnboardingViews */ = {
			isa = PBXGroup;
			children = (
				A20A632129DB5C490065CBF3 /* OnboardingView.swift */,
			);
			path = OnboardingViews;
			sourceTree = "<group>";
		};
		A2C7845B29EBAC7400D9ACF3 /* AdvisoryViews */ = {
			isa = PBXGroup;
			children = (
				A2C0DEB529E866F8002A2DB7 /* AdvisoryAdminView.swift */,
				A2C0DEB729E867F8002A2DB7 /* AdvisoryScheduleView.swift */,
			);
			path = AdvisoryViews;
			sourceTree = "<group>";
		};
		A2C7845C29EBACBD00D9ACF3 /* NavigationViews */ = {
			isa = PBXGroup;
			children = (
				A200BCD829EB4CC100965A35 /* NotificationView.swift */,
				A200BCD629EB4CA800965A35 /* CartView.swift */,
			);
			path = NavigationViews;
			sourceTree = "<group>";
		};
		A2C86FFA29C76B1B00407A48 /* App */ = {
			isa = PBXGroup;
			children = (
				A2C7845C29EBACBD00D9ACF3 /* NavigationViews */,
				A2C7845929EBAACC00D9ACF3 /* SideMenuViews */,
				A2C7845829EBAA7B00D9ACF3 /* TabBarViews */,
				A2C7845B29EBAC7400D9ACF3 /* AdvisoryViews */,
				A2C7845A29EBAC4D00D9ACF3 /* OnboardingViews */,
				A2B267FA29C4E48500349F37 /* ProtecoApp.swift */,
				A2D7267A29C9165C0076A25D /* MainView.swift */,
				A2B267FC29C4E48500349F37 /* ContentView.swift */,
			);
			path = App;
			sourceTree = "<group>";
		};
		A2C86FFB29C76B3C00407A48 /* View */ = {
			isa = PBXGroup;
			children = (
				A2C7845229EBA12400D9ACF3 /* TabButton.swift */,
				A23FCC7C29CE130900231D5A /* CustomButtonsView.swift */,
				A207BF1F29C9607800429371 /* ShadowView.swift */,
				A20A632329DB5ED30065CBF3 /* OnboardingCardView.swift */,
				A2F27D7629E7204C006CC248 /* AdvisoryScheduleCardView.swift */,
				A2F27D8029E74738006CC248 /* AdvisoryAdminCardView.swift */,
				A200BCD129EB077400965A35 /* NavigationBarView.swift */,
				A2369ABA29F06EA100B18301 /* OverlayView.swift */,
				A23EF62929F30280007937D4 /* DismissButtonView.swift */,
			);
			path = View;
			sourceTree = "<group>";
		};
		A2C86FFC29C76B4300407A48 /* Model */ = {
			isa = PBXGroup;
			children = (
				A2D7267C29C916FA0076A25D /* TabModel.swift */,
				A2A7D32E29D36438006C61BB /* CustomButtonModel.swift */,
				A20A631D29DB54140065CBF3 /* OnboardingModel.swift */,
				A2F27D7B29E72225006CC248 /* AdvisoryModel.swift */,
				A2C7845629EBA50E00D9ACF3 /* MenuOptionModel.swift */,
			);
			path = Model;
			sourceTree = "<group>";
		};
		A2C86FFD29C76B4900407A48 /* Data */ = {
			isa = PBXGroup;
			children = (
				A20A631B29DB53930065CBF3 /* OnboardingData.swift */,
				A2F27D7829E721BA006CC248 /* AdvisoryData.swift */,
			);
			path = Data;
			sourceTree = "<group>";
		};
		A2C86FFE29C7FFC500407A48 /* Fonts */ = {
			isa = PBXGroup;
			children = (
				A2C8701329C8046500407A48 /* Assistant-Light.ttf */,
				A2C8701529C8048900407A48 /* Assistant-Regular.ttf */,
				A2C8700D29C803DA00407A48 /* Assistant-SemiBold.ttf */,
				A2C8700129C802AA00407A48 /* MontserratAlternates-Medium.ttf */,
				A2C8700029C802A900407A48 /* MontserratAlternates-Regular.ttf */,
				A2C86FFF29C802A800407A48 /* MontserratAlternates-SemiBold.ttf */,
				A20A632529DB7A9C0065CBF3 /* MontserratAlternates-Bold.ttf */,
			);
			path = Fonts;
			sourceTree = "<group>";
		};
		A2F27D7D29E72E7F006CC248 /* Utility */ = {
			isa = PBXGroup;
			children = (
				A20A631F29DB57F30065CBF3 /* TitlesView.swift */,
				A2F27D7E29E72EA8006CC248 /* TextView.swift */,
				A2719E3729EA249300281D25 /* NavAppearanceModifer.swift */,
				A2C7845029EB984E00D9ACF3 /* CustomCorner.swift */,
			);
			path = Utility;
			sourceTree = "<group>";
		};
/* End PBXGroup section */

/* Begin PBXNativeTarget section */
		A2B267F629C4E48500349F37 /* Proteco */ = {
			isa = PBXNativeTarget;
			buildConfigurationList = A2B2680529C4E48800349F37 /* Build configuration list for PBXNativeTarget "Proteco" */;
			buildPhases = (
				A2B267F329C4E48500349F37 /* Sources */,
				A2B267F429C4E48500349F37 /* Frameworks */,
				A2B267F529C4E48500349F37 /* Resources */,
			);
			buildRules = (
			);
			dependencies = (
			);
			name = Proteco;
			packageProductDependencies = (
				A22E416229D20D4300DFFD2D /* SwiftUIFontIcon */,
			);
			productName = Proteco;
			productReference = A2B267F729C4E48500349F37 /* Proteco.app */;
			productType = "com.apple.product-type.application";
		};
/* End PBXNativeTarget section */

/* Begin PBXProject section */
		A2B267EF29C4E48500349F37 /* Project object */ = {
			isa = PBXProject;
			attributes = {
				BuildIndependentTargetsInParallel = 1;
				LastSwiftUpdateCheck = 1420;
				LastUpgradeCheck = 1420;
				TargetAttributes = {
					A2B267F629C4E48500349F37 = {
						CreatedOnToolsVersion = 14.2;
					};
				};
			};
			buildConfigurationList = A2B267F229C4E48500349F37 /* Build configuration list for PBXProject "Proteco" */;
			compatibilityVersion = "Xcode 14.0";
			developmentRegion = en;
			hasScannedForEncodings = 0;
			knownRegions = (
				en,
				Base,
			);
			mainGroup = A2B267EE29C4E48500349F37;
			packageReferences = (
				A22E416129D20D4300DFFD2D /* XCRemoteSwiftPackageReference "SwiftUIFontIcon" */,
			);
			productRefGroup = A2B267F829C4E48500349F37 /* Products */;
			projectDirPath = "";
			projectRoot = "";
			targets = (
				A2B267F629C4E48500349F37 /* Proteco */,
			);
		};
/* End PBXProject section */

/* Begin PBXResourcesBuildPhase section */
		A2B267F529C4E48500349F37 /* Resources */ = {
			isa = PBXResourcesBuildPhase;
			buildActionMask = 2147483647;
			files = (
				A2C8700229C802AA00407A48 /* MontserratAlternates-SemiBold.ttf in Resources */,
				A20A632629DB7A9D0065CBF3 /* MontserratAlternates-Bold.ttf in Resources */,
				A2B2680229C4E48800349F37 /* Preview Assets.xcassets in Resources */,
				A2C8701629C8048900407A48 /* Assistant-Regular.ttf in Resources */,
				A2C8700329C802AA00407A48 /* MontserratAlternates-Regular.ttf in Resources */,
				A2B267FF29C4E48800349F37 /* Assets.xcassets in Resources */,
				A2C8701029C803DC00407A48 /* Assistant-SemiBold.ttf in Resources */,
				A2C8701429C8046500407A48 /* Assistant-Light.ttf in Resources */,
				A2C8700429C802AA00407A48 /* MontserratAlternates-Medium.ttf in Resources */,
			);
			runOnlyForDeploymentPostprocessing = 0;
		};
/* End PBXResourcesBuildPhase section */

/* Begin PBXSourcesBuildPhase section */
		A2B267F329C4E48500349F37 /* Sources */ = {
			isa = PBXSourcesBuildPhase;
			buildActionMask = 2147483647;
			files = (
				A200BCD529EB49DC00965A35 /* SideMenuView.swift in Sources */,
				A23EF62A29F30280007937D4 /* DismissButtonView.swift in Sources */,
				A2B267FD29C4E48500349F37 /* ContentView.swift in Sources */,
				A2A7D32F29D36438006C61BB /* CustomButtonModel.swift in Sources */,
				A200BCD229EB077400965A35 /* NavigationBarView.swift in Sources */,
				A2719E3829EA249300281D25 /* NavAppearanceModifer.swift in Sources */,
				A2D7267D29C916FA0076A25D /* TabModel.swift in Sources */,
				A200BCD729EB4CA800965A35 /* CartView.swift in Sources */,
				A20A632429DB5ED30065CBF3 /* OnboardingCardView.swift in Sources */,
				A20A632029DB57F30065CBF3 /* TitlesView.swift in Sources */,
				A2369ABB29F06EA100B18301 /* OverlayView.swift in Sources */,
				A2E64B7929ECFC62003FBA1D /* TabBarView.swift in Sources */,
				A2C7845329EBA12400D9ACF3 /* TabButton.swift in Sources */,
				A2E64B6D29EC82B5003FBA1D /* ContactView.swift in Sources */,
				A2EB982429EF70CF00AFD764 /* CallView.swift in Sources */,
				A2EB982C29EF8EEE00AFD764 /* HomeView.swift in Sources */,
				A2C7845729EBA50E00D9ACF3 /* MenuOptionModel.swift in Sources */,
				A2EB982A29EF814D00AFD764 /* WorkshopsView.swift in Sources */,
				A200BCD929EB4CC200965A35 /* NotificationView.swift in Sources */,
				A2D7267B29C9165D0076A25D /* MainView.swift in Sources */,
				A2C0DEB629E866F8002A2DB7 /* AdvisoryAdminView.swift in Sources */,
				A2F27D7929E721BA006CC248 /* AdvisoryData.swift in Sources */,
				A2EB982629EF80EE00AFD764 /* CoursesView.swift in Sources */,
				A2F27D8129E74738006CC248 /* AdvisoryAdminCardView.swift in Sources */,
				A2C7845E29EBD46800D9ACF3 /* SideMenuTabView.swift in Sources */,
				A2E64B7329EC83FD003FBA1D /* WebSiteView.swift in Sources */,
				A20A631C29DB53930065CBF3 /* OnboardingData.swift in Sources */,
				A2C7845129EB984E00D9ACF3 /* CustomCorner.swift in Sources */,
				A20A631E29DB54140065CBF3 /* OnboardingModel.swift in Sources */,
				A2EB982E29EF921100AFD764 /* FeedbackView.swift in Sources */,
				A2F27D7F29E72EA8006CC248 /* TextView.swift in Sources */,
				A23FCC7D29CE130900231D5A /* CustomButtonsView.swift in Sources */,
				A2B267FB29C4E48500349F37 /* ProtecoApp.swift in Sources */,
				A2C0DEB829E867F8002A2DB7 /* AdvisoryScheduleView.swift in Sources */,
				A207BF2029C9607800429371 /* ShadowView.swift in Sources */,
				A2F27D7C29E72225006CC248 /* AdvisoryModel.swift in Sources */,
				A2EB982829EF811A00AFD764 /* AccountView.swift in Sources */,
				A2E64B7529EC8469003FBA1D /* CreditsView.swift in Sources */,
				A2F27D8329E75822006CC248 /* AdvisoryView.swift in Sources */,
				A2E64B6B29EC7332003FBA1D /* SideMenuControlView.swift in Sources */,
				A20A632229DB5C490065CBF3 /* OnboardingView.swift in Sources */,
				A2F27D7729E7204C006CC248 /* AdvisoryScheduleCardView.swift in Sources */,
			);
			runOnlyForDeploymentPostprocessing = 0;
		};
/* End PBXSourcesBuildPhase section */

/* Begin XCBuildConfiguration section */
		A2B2680329C4E48800349F37 /* Debug */ = {
			isa = XCBuildConfiguration;
			buildSettings = {
				ALWAYS_SEARCH_USER_PATHS = NO;
				CLANG_ANALYZER_NONNULL = YES;
				CLANG_ANALYZER_NUMBER_OBJECT_CONVERSION = YES_AGGRESSIVE;
				CLANG_CXX_LANGUAGE_STANDARD = "gnu++20";
				CLANG_ENABLE_MODULES = YES;
				CLANG_ENABLE_OBJC_ARC = YES;
				CLANG_ENABLE_OBJC_WEAK = YES;
				CLANG_WARN_BLOCK_CAPTURE_AUTORELEASING = YES;
				CLANG_WARN_BOOL_CONVERSION = YES;
				CLANG_WARN_COMMA = YES;
				CLANG_WARN_CONSTANT_CONVERSION = YES;
				CLANG_WARN_DEPRECATED_OBJC_IMPLEMENTATIONS = YES;
				CLANG_WARN_DIRECT_OBJC_ISA_USAGE = YES_ERROR;
				CLANG_WARN_DOCUMENTATION_COMMENTS = YES;
				CLANG_WARN_EMPTY_BODY = YES;
				CLANG_WARN_ENUM_CONVERSION = YES;
				CLANG_WARN_INFINITE_RECURSION = YES;
				CLANG_WARN_INT_CONVERSION = YES;
				CLANG_WARN_NON_LITERAL_NULL_CONVERSION = YES;
				CLANG_WARN_OBJC_IMPLICIT_RETAIN_SELF = YES;
				CLANG_WARN_OBJC_LITERAL_CONVERSION = YES;
				CLANG_WARN_OBJC_ROOT_CLASS = YES_ERROR;
				CLANG_WARN_QUOTED_INCLUDE_IN_FRAMEWORK_HEADER = YES;
				CLANG_WARN_RANGE_LOOP_ANALYSIS = YES;
				CLANG_WARN_STRICT_PROTOTYPES = YES;
				CLANG_WARN_SUSPICIOUS_MOVE = YES;
				CLANG_WARN_UNGUARDED_AVAILABILITY = YES_AGGRESSIVE;
				CLANG_WARN_UNREACHABLE_CODE = YES;
				CLANG_WARN__DUPLICATE_METHOD_MATCH = YES;
				COPY_PHASE_STRIP = NO;
				DEBUG_INFORMATION_FORMAT = dwarf;
				ENABLE_STRICT_OBJC_MSGSEND = YES;
				ENABLE_TESTABILITY = YES;
				GCC_C_LANGUAGE_STANDARD = gnu11;
				GCC_DYNAMIC_NO_PIC = NO;
				GCC_NO_COMMON_BLOCKS = YES;
				GCC_OPTIMIZATION_LEVEL = 0;
				GCC_PREPROCESSOR_DEFINITIONS = (
					"DEBUG=1",
					"$(inherited)",
				);
				GCC_WARN_64_TO_32_BIT_CONVERSION = YES;
				GCC_WARN_ABOUT_RETURN_TYPE = YES_ERROR;
				GCC_WARN_UNDECLARED_SELECTOR = YES;
				GCC_WARN_UNINITIALIZED_AUTOS = YES_AGGRESSIVE;
				GCC_WARN_UNUSED_FUNCTION = YES;
				GCC_WARN_UNUSED_VARIABLE = YES;
				IPHONEOS_DEPLOYMENT_TARGET = 15.0;
				MTL_ENABLE_DEBUG_INFO = INCLUDE_SOURCE;
				MTL_FAST_MATH = YES;
				ONLY_ACTIVE_ARCH = YES;
				SDKROOT = iphoneos;
				SWIFT_ACTIVE_COMPILATION_CONDITIONS = DEBUG;
				SWIFT_OPTIMIZATION_LEVEL = "-Onone";
			};
			name = Debug;
		};
		A2B2680429C4E48800349F37 /* Release */ = {
			isa = XCBuildConfiguration;
			buildSettings = {
				ALWAYS_SEARCH_USER_PATHS = NO;
				CLANG_ANALYZER_NONNULL = YES;
				CLANG_ANALYZER_NUMBER_OBJECT_CONVERSION = YES_AGGRESSIVE;
				CLANG_CXX_LANGUAGE_STANDARD = "gnu++20";
				CLANG_ENABLE_MODULES = YES;
				CLANG_ENABLE_OBJC_ARC = YES;
				CLANG_ENABLE_OBJC_WEAK = YES;
				CLANG_WARN_BLOCK_CAPTURE_AUTORELEASING = YES;
				CLANG_WARN_BOOL_CONVERSION = YES;
				CLANG_WARN_COMMA = YES;
				CLANG_WARN_CONSTANT_CONVERSION = YES;
				CLANG_WARN_DEPRECATED_OBJC_IMPLEMENTATIONS = YES;
				CLANG_WARN_DIRECT_OBJC_ISA_USAGE = YES_ERROR;
				CLANG_WARN_DOCUMENTATION_COMMENTS = YES;
				CLANG_WARN_EMPTY_BODY = YES;
				CLANG_WARN_ENUM_CONVERSION = YES;
				CLANG_WARN_INFINITE_RECURSION = YES;
				CLANG_WARN_INT_CONVERSION = YES;
				CLANG_WARN_NON_LITERAL_NULL_CONVERSION = YES;
				CLANG_WARN_OBJC_IMPLICIT_RETAIN_SELF = YES;
				CLANG_WARN_OBJC_LITERAL_CONVERSION = YES;
				CLANG_WARN_OBJC_ROOT_CLASS = YES_ERROR;
				CLANG_WARN_QUOTED_INCLUDE_IN_FRAMEWORK_HEADER = YES;
				CLANG_WARN_RANGE_LOOP_ANALYSIS = YES;
				CLANG_WARN_STRICT_PROTOTYPES = YES;
				CLANG_WARN_SUSPICIOUS_MOVE = YES;
				CLANG_WARN_UNGUARDED_AVAILABILITY = YES_AGGRESSIVE;
				CLANG_WARN_UNREACHABLE_CODE = YES;
				CLANG_WARN__DUPLICATE_METHOD_MATCH = YES;
				COPY_PHASE_STRIP = NO;
				DEBUG_INFORMATION_FORMAT = "dwarf-with-dsym";
				ENABLE_NS_ASSERTIONS = NO;
				ENABLE_STRICT_OBJC_MSGSEND = YES;
				GCC_C_LANGUAGE_STANDARD = gnu11;
				GCC_NO_COMMON_BLOCKS = YES;
				GCC_WARN_64_TO_32_BIT_CONVERSION = YES;
				GCC_WARN_ABOUT_RETURN_TYPE = YES_ERROR;
				GCC_WARN_UNDECLARED_SELECTOR = YES;
				GCC_WARN_UNINITIALIZED_AUTOS = YES_AGGRESSIVE;
				GCC_WARN_UNUSED_FUNCTION = YES;
				GCC_WARN_UNUSED_VARIABLE = YES;
				IPHONEOS_DEPLOYMENT_TARGET = 15.0;
				MTL_ENABLE_DEBUG_INFO = NO;
				MTL_FAST_MATH = YES;
				SDKROOT = iphoneos;
				SWIFT_COMPILATION_MODE = wholemodule;
				SWIFT_OPTIMIZATION_LEVEL = "-O";
				VALIDATE_PRODUCT = YES;
			};
			name = Release;
		};
		A2B2680629C4E48800349F37 /* Debug */ = {
			isa = XCBuildConfiguration;
			buildSettings = {
				ASSETCATALOG_COMPILER_APPICON_NAME = AppIcon;
				ASSETCATALOG_COMPILER_GLOBAL_ACCENT_COLOR_NAME = AccentColor;
				CODE_SIGN_STYLE = Automatic;
				CURRENT_PROJECT_VERSION = 1;
				DEVELOPMENT_ASSET_PATHS = "\"Proteco/Preview Content\"";
				DEVELOPMENT_TEAM = GD6XG3RZ35;
				ENABLE_PREVIEWS = YES;
				GENERATE_INFOPLIST_FILE = YES;
				INFOPLIST_FILE = Proteco/Info.plist;
				INFOPLIST_KEY_UIApplicationSceneManifest_Generation = YES;
				INFOPLIST_KEY_UIApplicationSupportsIndirectInputEvents = YES;
				INFOPLIST_KEY_UISupportedInterfaceOrientations = UIInterfaceOrientationPortrait;
				INFOPLIST_KEY_UISupportedInterfaceOrientations_iPad = "UIInterfaceOrientationLandscapeLeft UIInterfaceOrientationLandscapeRight UIInterfaceOrientationPortrait UIInterfaceOrientationPortraitUpsideDown";
				IPHONEOS_DEPLOYMENT_TARGET = 15.0;
				LD_RUNPATH_SEARCH_PATHS = (
					"$(inherited)",
					"@executable_path/Frameworks",
				);
				MARKETING_VERSION = 1.0;
				PRODUCT_BUNDLE_IDENTIFIER = "com.proteco.proteco-ios.Proteco";
				PRODUCT_NAME = "$(TARGET_NAME)";
				SWIFT_EMIT_LOC_STRINGS = YES;
				SWIFT_VERSION = 5.0;
				TARGETED_DEVICE_FAMILY = "1,2";
			};
			name = Debug;
		};
		A2B2680729C4E48800349F37 /* Release */ = {
			isa = XCBuildConfiguration;
			buildSettings = {
				ASSETCATALOG_COMPILER_APPICON_NAME = AppIcon;
				ASSETCATALOG_COMPILER_GLOBAL_ACCENT_COLOR_NAME = AccentColor;
				CODE_SIGN_STYLE = Automatic;
				CURRENT_PROJECT_VERSION = 1;
				DEVELOPMENT_ASSET_PATHS = "\"Proteco/Preview Content\"";
				DEVELOPMENT_TEAM = GD6XG3RZ35;
				ENABLE_PREVIEWS = YES;
				GENERATE_INFOPLIST_FILE = YES;
				INFOPLIST_FILE = Proteco/Info.plist;
				INFOPLIST_KEY_UIApplicationSceneManifest_Generation = YES;
				INFOPLIST_KEY_UIApplicationSupportsIndirectInputEvents = YES;
				INFOPLIST_KEY_UISupportedInterfaceOrientations = UIInterfaceOrientationPortrait;
				INFOPLIST_KEY_UISupportedInterfaceOrientations_iPad = "UIInterfaceOrientationLandscapeLeft UIInterfaceOrientationLandscapeRight UIInterfaceOrientationPortrait UIInterfaceOrientationPortraitUpsideDown";
				IPHONEOS_DEPLOYMENT_TARGET = 15.0;
				LD_RUNPATH_SEARCH_PATHS = (
					"$(inherited)",
					"@executable_path/Frameworks",
				);
				MARKETING_VERSION = 1.0;
				PRODUCT_BUNDLE_IDENTIFIER = "com.proteco.proteco-ios.Proteco";
				PRODUCT_NAME = "$(TARGET_NAME)";
				SWIFT_EMIT_LOC_STRINGS = YES;
				SWIFT_VERSION = 5.0;
				TARGETED_DEVICE_FAMILY = "1,2";
			};
			name = Release;
		};
/* End XCBuildConfiguration section */

/* Begin XCConfigurationList section */
		A2B267F229C4E48500349F37 /* Build configuration list for PBXProject "Proteco" */ = {
			isa = XCConfigurationList;
			buildConfigurations = (
				A2B2680329C4E48800349F37 /* Debug */,
				A2B2680429C4E48800349F37 /* Release */,
			);
			defaultConfigurationIsVisible = 0;
			defaultConfigurationName = Release;
		};
		A2B2680529C4E48800349F37 /* Build configuration list for PBXNativeTarget "Proteco" */ = {
			isa = XCConfigurationList;
			buildConfigurations = (
				A2B2680629C4E48800349F37 /* Debug */,
				A2B2680729C4E48800349F37 /* Release */,
			);
			defaultConfigurationIsVisible = 0;
			defaultConfigurationName = Release;
		};
/* End XCConfigurationList section */

/* Begin XCRemoteSwiftPackageReference section */
		A22E416129D20D4300DFFD2D /* XCRemoteSwiftPackageReference "SwiftUIFontIcon" */ = {
			isa = XCRemoteSwiftPackageReference;
			repositoryURL = "https://github.com/huybuidac/SwiftUIFontIcon";
			requirement = {
				kind = upToNextMajorVersion;
				minimumVersion = 2.0.0;
			};
		};
/* End XCRemoteSwiftPackageReference section */

/* Begin XCSwiftPackageProductDependency section */
		A22E416229D20D4300DFFD2D /* SwiftUIFontIcon */ = {
			isa = XCSwiftPackageProductDependency;
			package = A22E416129D20D4300DFFD2D /* XCRemoteSwiftPackageReference "SwiftUIFontIcon" */;
			productName = SwiftUIFontIcon;
		};
/* End XCSwiftPackageProductDependency section */
	};
	rootObject = A2B267EF29C4E48500349F37 /* Project object */;
}
